// !$*UTF8*$!
{
	archiveVersion = 1;
	classes = {
	};
	objectVersion = 46;
	objects = {

/* Begin PBXBuildFile section */
		16560DE49ED4FFB89D850780 /* Pods_JLS_Tests_OSX_ObjC.framework in Frameworks */ = {isa = PBXBuildFile; fileRef = 1AD92A2CB6DF51EA92466A4A /* Pods_JLS_Tests_OSX_ObjC.framework */; };
		51FD28891CF941CE007336B8 /* JLSTestCase.m in Sources */ = {isa = PBXBuildFile; fileRef = 51FD28881CF941CE007336B8 /* JLSTestCase.m */; };
		51FD28A61CFE14AB007336B8 /* JLSTestCase.m in Sources */ = {isa = PBXBuildFile; fileRef = 51FD28881CF941CE007336B8 /* JLSTestCase.m */; };
		51FD28A71CFE14AB007336B8 /* JLSTestCase.m in Sources */ = {isa = PBXBuildFile; fileRef = 51FD28881CF941CE007336B8 /* JLSTestCase.m */; };
		7A25CD15E02C4A60E63BD1CE /* Pods_JLS_Tests_tvOS_ObjC.framework in Frameworks */ = {isa = PBXBuildFile; fileRef = 200DD0028F41DDAC07A641FD /* Pods_JLS_Tests_tvOS_ObjC.framework */; };
		E70D723B662BC853BE084240 /* Pods_JLS_Tests_iOS_ObjC.framework in Frameworks */ = {isa = PBXBuildFile; fileRef = DD31149F76BC57346ED31BEB /* Pods_JLS_Tests_iOS_ObjC.framework */; };
/* End PBXBuildFile section */

/* Begin PBXFileReference section */
		10BC53DCBAAC0479CBBB2A87 /* Pods-JLS-Tests-iOS-ObjC.release.xcconfig */ = {isa = PBXFileReference; includeInIndex = 1; lastKnownFileType = text.xcconfig; name = "Pods-JLS-Tests-iOS-ObjC.release.xcconfig"; path = "../Pods/Target Support Files/Pods-JLS-Tests-iOS-ObjC/Pods-JLS-Tests-iOS-ObjC.release.xcconfig"; sourceTree = "<group>"; };
		1AD92A2CB6DF51EA92466A4A /* Pods_JLS_Tests_OSX_ObjC.framework */ = {isa = PBXFileReference; explicitFileType = wrapper.framework; includeInIndex = 0; path = Pods_JLS_Tests_OSX_ObjC.framework; sourceTree = BUILT_PRODUCTS_DIR; };
		200DD0028F41DDAC07A641FD /* Pods_JLS_Tests_tvOS_ObjC.framework */ = {isa = PBXFileReference; explicitFileType = wrapper.framework; includeInIndex = 0; path = Pods_JLS_Tests_tvOS_ObjC.framework; sourceTree = BUILT_PRODUCTS_DIR; };
		46BC999D098AC2EE31E51074 /* Pods-JLS-Tests-iOS-ObjC.debug.xcconfig */ = {isa = PBXFileReference; includeInIndex = 1; lastKnownFileType = text.xcconfig; name = "Pods-JLS-Tests-iOS-ObjC.debug.xcconfig"; path = "../Pods/Target Support Files/Pods-JLS-Tests-iOS-ObjC/Pods-JLS-Tests-iOS-ObjC.debug.xcconfig"; sourceTree = "<group>"; };
		51FD287F1CF94175007336B8 /* JLS-Tests-iOS-ObjC.xctest */ = {isa = PBXFileReference; explicitFileType = wrapper.cfbundle; includeInIndex = 0; path = "JLS-Tests-iOS-ObjC.xctest"; sourceTree = BUILT_PRODUCTS_DIR; };
		51FD28831CF94175007336B8 /* Info.plist */ = {isa = PBXFileReference; lastKnownFileType = text.plist.xml; path = Info.plist; sourceTree = "<group>"; };
		51FD28881CF941CE007336B8 /* JLSTestCase.m */ = {isa = PBXFileReference; fileEncoding = 4; lastKnownFileType = sourcecode.c.objc; name = JLSTestCase.m; path = Tests/TestCases/JLSTestCase.m; sourceTree = SOURCE_ROOT; };
		51FD28921CFE1239007336B8 /* JLS-Tests-tvOS-ObjC.xctest */ = {isa = PBXFileReference; explicitFileType = wrapper.cfbundle; includeInIndex = 0; path = "JLS-Tests-tvOS-ObjC.xctest"; sourceTree = BUILT_PRODUCTS_DIR; };
		51FD28961CFE1239007336B8 /* Info.plist */ = {isa = PBXFileReference; lastKnownFileType = text.plist.xml; path = Info.plist; sourceTree = "<group>"; };
		51FD289E1CFE1270007336B8 /* JLS-Tests-OSX-ObjC.xctest */ = {isa = PBXFileReference; explicitFileType = wrapper.cfbundle; includeInIndex = 0; path = "JLS-Tests-OSX-ObjC.xctest"; sourceTree = BUILT_PRODUCTS_DIR; };
		51FD28A21CFE1270007336B8 /* Info.plist */ = {isa = PBXFileReference; lastKnownFileType = text.plist.xml; path = Info.plist; sourceTree = "<group>"; };
		5DB3F3CCB0CEEDC85E5BF475 /* Pods-JLS-Tests-tvOS-ObjC.release.xcconfig */ = {isa = PBXFileReference; includeInIndex = 1; lastKnownFileType = text.xcconfig; name = "Pods-JLS-Tests-tvOS-ObjC.release.xcconfig"; path = "../Pods/Target Support Files/Pods-JLS-Tests-tvOS-ObjC/Pods-JLS-Tests-tvOS-ObjC.release.xcconfig"; sourceTree = "<group>"; };
		87F92CAF34FAA71F769D990B /* Pods-JLS-Tests-tvOS-ObjC.debug.xcconfig */ = {isa = PBXFileReference; includeInIndex = 1; lastKnownFileType = text.xcconfig; name = "Pods-JLS-Tests-tvOS-ObjC.debug.xcconfig"; path = "../Pods/Target Support Files/Pods-JLS-Tests-tvOS-ObjC/Pods-JLS-Tests-tvOS-ObjC.debug.xcconfig"; sourceTree = "<group>"; };
		CD772B9F1C6ABCE58172F117 /* Pods-JLS-Tests-OSX-ObjC.debug.xcconfig */ = {isa = PBXFileReference; includeInIndex = 1; lastKnownFileType = text.xcconfig; name = "Pods-JLS-Tests-OSX-ObjC.debug.xcconfig"; path = "../Pods/Target Support Files/Pods-JLS-Tests-OSX-ObjC/Pods-JLS-Tests-OSX-ObjC.debug.xcconfig"; sourceTree = "<group>"; };
		DD31149F76BC57346ED31BEB /* Pods_JLS_Tests_iOS_ObjC.framework */ = {isa = PBXFileReference; explicitFileType = wrapper.framework; includeInIndex = 0; path = Pods_JLS_Tests_iOS_ObjC.framework; sourceTree = BUILT_PRODUCTS_DIR; };
		E4B49FB7B6BA6A0DFC1F83E0 /* Pods-JLS-Tests-OSX-ObjC.release.xcconfig */ = {isa = PBXFileReference; includeInIndex = 1; lastKnownFileType = text.xcconfig; name = "Pods-JLS-Tests-OSX-ObjC.release.xcconfig"; path = "../Pods/Target Support Files/Pods-JLS-Tests-OSX-ObjC/Pods-JLS-Tests-OSX-ObjC.release.xcconfig"; sourceTree = "<group>"; };
/* End PBXFileReference section */

/* Begin PBXFrameworksBuildPhase section */
		51FD287C1CF94175007336B8 /* Frameworks */ = {
			isa = PBXFrameworksBuildPhase;
			buildActionMask = 2147483647;
			files = (
				E70D723B662BC853BE084240 /* Pods_JLS_Tests_iOS_ObjC.framework in Frameworks */,
			);
			runOnlyForDeploymentPostprocessing = 0;
		};
		51FD288F1CFE1239007336B8 /* Frameworks */ = {
			isa = PBXFrameworksBuildPhase;
			buildActionMask = 2147483647;
			files = (
				7A25CD15E02C4A60E63BD1CE /* Pods_JLS_Tests_tvOS_ObjC.framework in Frameworks */,
			);
			runOnlyForDeploymentPostprocessing = 0;
		};
		51FD289B1CFE1270007336B8 /* Frameworks */ = {
			isa = PBXFrameworksBuildPhase;
			buildActionMask = 2147483647;
			files = (
				16560DE49ED4FFB89D850780 /* Pods_JLS_Tests_OSX_ObjC.framework in Frameworks */,
			);
			runOnlyForDeploymentPostprocessing = 0;
		};
/* End PBXFrameworksBuildPhase section */

/* Begin PBXGroup section */
		1EBE8F7C9AE461EF28F0EA23 /* Pods */ = {
			isa = PBXGroup;
			children = (
				46BC999D098AC2EE31E51074 /* Pods-JLS-Tests-iOS-ObjC.debug.xcconfig */,
				10BC53DCBAAC0479CBBB2A87 /* Pods-JLS-Tests-iOS-ObjC.release.xcconfig */,
				CD772B9F1C6ABCE58172F117 /* Pods-JLS-Tests-OSX-ObjC.debug.xcconfig */,
				E4B49FB7B6BA6A0DFC1F83E0 /* Pods-JLS-Tests-OSX-ObjC.release.xcconfig */,
				87F92CAF34FAA71F769D990B /* Pods-JLS-Tests-tvOS-ObjC.debug.xcconfig */,
				5DB3F3CCB0CEEDC85E5BF475 /* Pods-JLS-Tests-tvOS-ObjC.release.xcconfig */,
			);
			name = Pods;
			sourceTree = "<group>";
		};
		51FD28581CF9414A007336B8 = {
			isa = PBXGroup;
			children = (
				51FD28871CF941AD007336B8 /* TestCases */,
				51FD28801CF94175007336B8 /* JLS-Tests-iOS-ObjC */,
				51FD28931CFE1239007336B8 /* JLS-Tests-tvOS-ObjC */,
				51FD289F1CFE1270007336B8 /* JLS-Tests-OSX-ObjC */,
				51FD28621CF9414A007336B8 /* Products */,
				1EBE8F7C9AE461EF28F0EA23 /* Pods */,
				626548084C80EDDA83FD0B8B /* Frameworks */,
			);
			sourceTree = "<group>";
		};
		51FD28621CF9414A007336B8 /* Products */ = {
			isa = PBXGroup;
			children = (
				51FD287F1CF94175007336B8 /* JLS-Tests-iOS-ObjC.xctest */,
				51FD28921CFE1239007336B8 /* JLS-Tests-tvOS-ObjC.xctest */,
				51FD289E1CFE1270007336B8 /* JLS-Tests-OSX-ObjC.xctest */,
			);
			name = Products;
			sourceTree = "<group>";
		};
		51FD28801CF94175007336B8 /* JLS-Tests-iOS-ObjC */ = {
			isa = PBXGroup;
			children = (
				51FD28831CF94175007336B8 /* Info.plist */,
			);
			path = "JLS-Tests-iOS-ObjC";
			sourceTree = "<group>";
		};
		51FD28871CF941AD007336B8 /* TestCases */ = {
			isa = PBXGroup;
			children = (
				51FD28881CF941CE007336B8 /* JLSTestCase.m */,
			);
			name = TestCases;
			path = "JLS-Tests-iOS-ObjC";
			sourceTree = "<group>";
		};
		51FD28931CFE1239007336B8 /* JLS-Tests-tvOS-ObjC */ = {
			isa = PBXGroup;
			children = (
				51FD28961CFE1239007336B8 /* Info.plist */,
			);
			path = "JLS-Tests-tvOS-ObjC";
			sourceTree = "<group>";
		};
		51FD289F1CFE1270007336B8 /* JLS-Tests-OSX-ObjC */ = {
			isa = PBXGroup;
			children = (
				51FD28A21CFE1270007336B8 /* Info.plist */,
			);
			path = "JLS-Tests-OSX-ObjC";
			sourceTree = "<group>";
		};
		626548084C80EDDA83FD0B8B /* Frameworks */ = {
			isa = PBXGroup;
			children = (
				DD31149F76BC57346ED31BEB /* Pods_JLS_Tests_iOS_ObjC.framework */,
				1AD92A2CB6DF51EA92466A4A /* Pods_JLS_Tests_OSX_ObjC.framework */,
				200DD0028F41DDAC07A641FD /* Pods_JLS_Tests_tvOS_ObjC.framework */,
			);
			name = Frameworks;
			sourceTree = "<group>";
		};
/* End PBXGroup section */

/* Begin PBXNativeTarget section */
		51FD287E1CF94175007336B8 /* JLS-Tests-iOS-ObjC */ = {
			isa = PBXNativeTarget;
			buildConfigurationList = 51FD28841CF94175007336B8 /* Build configuration list for PBXNativeTarget "JLS-Tests-iOS-ObjC" */;
			buildPhases = (
				78264BE5D907AE09FA1F0ECB /* 📦 Check Pods Manifest.lock */,
				51FD287B1CF94175007336B8 /* Sources */,
				51FD287C1CF94175007336B8 /* Frameworks */,
				51FD287D1CF94175007336B8 /* Resources */,
				7F9A4BB7FB300324470DCDF7 /* 📦 Embed Pods Frameworks */,
				9DEABFE2B29F7F3405F37D08 /* 📦 Copy Pods Resources */,
			);
			buildRules = (
			);
			dependencies = (
			);
			name = "JLS-Tests-iOS-ObjC";
			productName = "JLS-Tests-iOS-ObjC";
			productReference = 51FD287F1CF94175007336B8 /* JLS-Tests-iOS-ObjC.xctest */;
			productType = "com.apple.product-type.bundle.unit-test";
		};
		51FD28911CFE1239007336B8 /* JLS-Tests-tvOS-ObjC */ = {
			isa = PBXNativeTarget;
			buildConfigurationList = 51FD28991CFE1239007336B8 /* Build configuration list for PBXNativeTarget "JLS-Tests-tvOS-ObjC" */;
			buildPhases = (
				A4FD1AA58CD8099A79617382 /* 📦 Check Pods Manifest.lock */,
				51FD288E1CFE1239007336B8 /* Sources */,
				51FD288F1CFE1239007336B8 /* Frameworks */,
				51FD28901CFE1239007336B8 /* Resources */,
				5F242686D5100B28D82A2000 /* 📦 Embed Pods Frameworks */,
				811BF273D2010EE033261227 /* 📦 Copy Pods Resources */,
			);
			buildRules = (
			);
			dependencies = (
			);
			name = "JLS-Tests-tvOS-ObjC";
			productName = "JLS-Tests-tvOS-ObjC";
			productReference = 51FD28921CFE1239007336B8 /* JLS-Tests-tvOS-ObjC.xctest */;
			productType = "com.apple.product-type.bundle.unit-test";
		};
		51FD289D1CFE1270007336B8 /* JLS-Tests-OSX-ObjC */ = {
			isa = PBXNativeTarget;
			buildConfigurationList = 51FD28A31CFE1270007336B8 /* Build configuration list for PBXNativeTarget "JLS-Tests-OSX-ObjC" */;
			buildPhases = (
				9D87D2B074FC68CB4A65463A /* 📦 Check Pods Manifest.lock */,
				51FD289A1CFE1270007336B8 /* Sources */,
				51FD289B1CFE1270007336B8 /* Frameworks */,
				51FD289C1CFE1270007336B8 /* Resources */,
				2C74392A2F93E8339D292AF5 /* 📦 Embed Pods Frameworks */,
				A55B8926622FBBCB4933F48B /* 📦 Copy Pods Resources */,
			);
			buildRules = (
			);
			dependencies = (
			);
			name = "JLS-Tests-OSX-ObjC";
			productName = "JLS-Tests-OSX-ObjC";
			productReference = 51FD289E1CFE1270007336B8 /* JLS-Tests-OSX-ObjC.xctest */;
			productType = "com.apple.product-type.bundle.unit-test";
		};
/* End PBXNativeTarget section */

/* Begin PBXProject section */
		51FD28591CF9414A007336B8 /* Project object */ = {
			isa = PBXProject;
			attributes = {
				LastUpgradeCheck = 0730;
				ORGANIZATIONNAME = "Jordan Zucker";
				TargetAttributes = {
					51FD287E1CF94175007336B8 = {
						CreatedOnToolsVersion = 7.3.1;
						DevelopmentTeam = 76QPBMFFV2;
					};
					51FD28911CFE1239007336B8 = {
						CreatedOnToolsVersion = 7.3.1;
						DevelopmentTeam = 76QPBMFFV2;
					};
					51FD289D1CFE1270007336B8 = {
						CreatedOnToolsVersion = 7.3.1;
					};
				};
			};
			buildConfigurationList = 51FD285C1CF9414A007336B8 /* Build configuration list for PBXProject "Tests" */;
			compatibilityVersion = "Xcode 3.2";
			developmentRegion = English;
			hasScannedForEncodings = 0;
			knownRegions = (
				en,
				Base,
			);
			mainGroup = 51FD28581CF9414A007336B8;
			productRefGroup = 51FD28621CF9414A007336B8 /* Products */;
			projectDirPath = "";
			projectRoot = "";
			targets = (
				51FD287E1CF94175007336B8 /* JLS-Tests-iOS-ObjC */,
				51FD28911CFE1239007336B8 /* JLS-Tests-tvOS-ObjC */,
				51FD289D1CFE1270007336B8 /* JLS-Tests-OSX-ObjC */,
			);
		};
/* End PBXProject section */

/* Begin PBXResourcesBuildPhase section */
		51FD287D1CF94175007336B8 /* Resources */ = {
			isa = PBXResourcesBuildPhase;
			buildActionMask = 2147483647;
			files = (
			);
			runOnlyForDeploymentPostprocessing = 0;
		};
		51FD28901CFE1239007336B8 /* Resources */ = {
			isa = PBXResourcesBuildPhase;
			buildActionMask = 2147483647;
			files = (
			);
			runOnlyForDeploymentPostprocessing = 0;
		};
		51FD289C1CFE1270007336B8 /* Resources */ = {
			isa = PBXResourcesBuildPhase;
			buildActionMask = 2147483647;
			files = (
			);
			runOnlyForDeploymentPostprocessing = 0;
		};
/* End PBXResourcesBuildPhase section */

/* Begin PBXShellScriptBuildPhase section */
		2C74392A2F93E8339D292AF5 /* 📦 Embed Pods Frameworks */ = {
			isa = PBXShellScriptBuildPhase;
			buildActionMask = 2147483647;
			files = (
			);
			inputPaths = (
			);
			name = "📦 Embed Pods Frameworks";
			outputPaths = (
			);
			runOnlyForDeploymentPostprocessing = 0;
			shellPath = /bin/sh;
			shellScript = "\"${SRCROOT}/../Pods/Target Support Files/Pods-JLS-Tests-OSX-ObjC/Pods-JLS-Tests-OSX-ObjC-frameworks.sh\"\n";
			showEnvVarsInLog = 0;
		};
		5F242686D5100B28D82A2000 /* 📦 Embed Pods Frameworks */ = {
			isa = PBXShellScriptBuildPhase;
			buildActionMask = 2147483647;
			files = (
			);
			inputPaths = (
			);
			name = "📦 Embed Pods Frameworks";
			outputPaths = (
			);
			runOnlyForDeploymentPostprocessing = 0;
			shellPath = /bin/sh;
			shellScript = "\"${SRCROOT}/../Pods/Target Support Files/Pods-JLS-Tests-tvOS-ObjC/Pods-JLS-Tests-tvOS-ObjC-frameworks.sh\"\n";
			showEnvVarsInLog = 0;
		};
		78264BE5D907AE09FA1F0ECB /* 📦 Check Pods Manifest.lock */ = {
			isa = PBXShellScriptBuildPhase;
			buildActionMask = 2147483647;
			files = (
			);
			inputPaths = (
			);
			name = "📦 Check Pods Manifest.lock";
			outputPaths = (
			);
			runOnlyForDeploymentPostprocessing = 0;
			shellPath = /bin/sh;
			shellScript = "diff \"${PODS_ROOT}/../Podfile.lock\" \"${PODS_ROOT}/Manifest.lock\" > /dev/null\nif [[ $? != 0 ]] ; then\n    cat << EOM\nerror: The sandbox is not in sync with the Podfile.lock. Run 'pod install' or update your CocoaPods installation.\nEOM\n    exit 1\nfi\n";
			showEnvVarsInLog = 0;
		};
		7F9A4BB7FB300324470DCDF7 /* 📦 Embed Pods Frameworks */ = {
			isa = PBXShellScriptBuildPhase;
			buildActionMask = 2147483647;
			files = (
			);
			inputPaths = (
			);
			name = "📦 Embed Pods Frameworks";
			outputPaths = (
			);
			runOnlyForDeploymentPostprocessing = 0;
			shellPath = /bin/sh;
			shellScript = "\"${SRCROOT}/../Pods/Target Support Files/Pods-JLS-Tests-iOS-ObjC/Pods-JLS-Tests-iOS-ObjC-frameworks.sh\"\n";
			showEnvVarsInLog = 0;
		};
		811BF273D2010EE033261227 /* 📦 Copy Pods Resources */ = {
			isa = PBXShellScriptBuildPhase;
			buildActionMask = 2147483647;
			files = (
			);
			inputPaths = (
			);
			name = "📦 Copy Pods Resources";
			outputPaths = (
			);
			runOnlyForDeploymentPostprocessing = 0;
			shellPath = /bin/sh;
			shellScript = "\"${SRCROOT}/../Pods/Target Support Files/Pods-JLS-Tests-tvOS-ObjC/Pods-JLS-Tests-tvOS-ObjC-resources.sh\"\n";
			showEnvVarsInLog = 0;
		};
		9D87D2B074FC68CB4A65463A /* 📦 Check Pods Manifest.lock */ = {
			isa = PBXShellScriptBuildPhase;
			buildActionMask = 2147483647;
			files = (
			);
			inputPaths = (
			);
			name = "📦 Check Pods Manifest.lock";
			outputPaths = (
			);
			runOnlyForDeploymentPostprocessing = 0;
			shellPath = /bin/sh;
			shellScript = "diff \"${PODS_ROOT}/../Podfile.lock\" \"${PODS_ROOT}/Manifest.lock\" > /dev/null\nif [[ $? != 0 ]] ; then\n    cat << EOM\nerror: The sandbox is not in sync with the Podfile.lock. Run 'pod install' or update your CocoaPods installation.\nEOM\n    exit 1\nfi\n";
			showEnvVarsInLog = 0;
		};
		9DEABFE2B29F7F3405F37D08 /* 📦 Copy Pods Resources */ = {
			isa = PBXShellScriptBuildPhase;
			buildActionMask = 2147483647;
			files = (
			);
			inputPaths = (
			);
			name = "📦 Copy Pods Resources";
			outputPaths = (
			);
			runOnlyForDeploymentPostprocessing = 0;
			shellPath = /bin/sh;
			shellScript = "\"${SRCROOT}/../Pods/Target Support Files/Pods-JLS-Tests-iOS-ObjC/Pods-JLS-Tests-iOS-ObjC-resources.sh\"\n";
			showEnvVarsInLog = 0;
		};
		A4FD1AA58CD8099A79617382 /* 📦 Check Pods Manifest.lock */ = {
			isa = PBXShellScriptBuildPhase;
			buildActionMask = 2147483647;
			files = (
			);
			inputPaths = (
			);
			name = "📦 Check Pods Manifest.lock";
			outputPaths = (
			);
			runOnlyForDeploymentPostprocessing = 0;
			shellPath = /bin/sh;
			shellScript = "diff \"${PODS_ROOT}/../Podfile.lock\" \"${PODS_ROOT}/Manifest.lock\" > /dev/null\nif [[ $? != 0 ]] ; then\n    cat << EOM\nerror: The sandbox is not in sync with the Podfile.lock. Run 'pod install' or update your CocoaPods installation.\nEOM\n    exit 1\nfi\n";
			showEnvVarsInLog = 0;
		};
		A55B8926622FBBCB4933F48B /* 📦 Copy Pods Resources */ = {
			isa = PBXShellScriptBuildPhase;
			buildActionMask = 2147483647;
			files = (
			);
			inputPaths = (
			);
			name = "📦 Copy Pods Resources";
			outputPaths = (
			);
			runOnlyForDeploymentPostprocessing = 0;
			shellPath = /bin/sh;
			shellScript = "\"${SRCROOT}/../Pods/Target Support Files/Pods-JLS-Tests-OSX-ObjC/Pods-JLS-Tests-OSX-ObjC-resources.sh\"\n";
			showEnvVarsInLog = 0;
		};
/* End PBXShellScriptBuildPhase section */

/* Begin PBXSourcesBuildPhase section */
		51FD287B1CF94175007336B8 /* Sources */ = {
			isa = PBXSourcesBuildPhase;
			buildActionMask = 2147483647;
			files = (
				51FD28891CF941CE007336B8 /* JLSTestCase.m in Sources */,
			);
			runOnlyForDeploymentPostprocessing = 0;
		};
		51FD288E1CFE1239007336B8 /* Sources */ = {
			isa = PBXSourcesBuildPhase;
			buildActionMask = 2147483647;
			files = (
				51FD28A61CFE14AB007336B8 /* JLSTestCase.m in Sources */,
			);
			runOnlyForDeploymentPostprocessing = 0;
		};
		51FD289A1CFE1270007336B8 /* Sources */ = {
			isa = PBXSourcesBuildPhase;
			buildActionMask = 2147483647;
			files = (
				51FD28A71CFE14AB007336B8 /* JLSTestCase.m in Sources */,
			);
			runOnlyForDeploymentPostprocessing = 0;
		};
/* End PBXSourcesBuildPhase section */

/* Begin XCBuildConfiguration section */
		51FD28761CF9414A007336B8 /* Debug */ = {
			isa = XCBuildConfiguration;
			buildSettings = {
				ALWAYS_SEARCH_USER_PATHS = NO;
				CLANG_ANALYZER_NONNULL = YES;
				CLANG_CXX_LANGUAGE_STANDARD = "gnu++0x";
				CLANG_CXX_LIBRARY = "libc++";
				CLANG_ENABLE_MODULES = YES;
				CLANG_ENABLE_OBJC_ARC = YES;
				CLANG_WARN_BOOL_CONVERSION = YES;
				CLANG_WARN_CONSTANT_CONVERSION = YES;
				CLANG_WARN_DIRECT_OBJC_ISA_USAGE = YES_ERROR;
				CLANG_WARN_EMPTY_BODY = YES;
				CLANG_WARN_ENUM_CONVERSION = YES;
				CLANG_WARN_INT_CONVERSION = YES;
				CLANG_WARN_OBJC_ROOT_CLASS = YES_ERROR;
				CLANG_WARN_UNREACHABLE_CODE = YES;
				CLANG_WARN__DUPLICATE_METHOD_MATCH = YES;
				"CODE_SIGN_IDENTITY[sdk=iphoneos*]" = "iPhone Developer";
				COPY_PHASE_STRIP = NO;
				DEBUG_INFORMATION_FORMAT = dwarf;
				ENABLE_STRICT_OBJC_MSGSEND = YES;
				ENABLE_TESTABILITY = YES;
				GCC_C_LANGUAGE_STANDARD = gnu99;
				GCC_DYNAMIC_NO_PIC = NO;
				GCC_NO_COMMON_BLOCKS = YES;
				GCC_OPTIMIZATION_LEVEL = 0;
				GCC_PREPROCESSOR_DEFINITIONS = (
					"DEBUG=1",
					"$(inherited)",
				);
				GCC_WARN_64_TO_32_BIT_CONVERSION = YES;
				GCC_WARN_ABOUT_RETURN_TYPE = YES_ERROR;
				GCC_WARN_UNDECLARED_SELECTOR = YES;
				GCC_WARN_UNINITIALIZED_AUTOS = YES_AGGRESSIVE;
				GCC_WARN_UNUSED_FUNCTION = YES;
				GCC_WARN_UNUSED_VARIABLE = YES;
				IPHONEOS_DEPLOYMENT_TARGET = 9.3;
				MTL_ENABLE_DEBUG_INFO = YES;
				ONLY_ACTIVE_ARCH = YES;
				SDKROOT = iphoneos;
				TARGETED_DEVICE_FAMILY = "1,2";
			};
			name = Debug;
		};
		51FD28771CF9414A007336B8 /* Release */ = {
			isa = XCBuildConfiguration;
			buildSettings = {
				ALWAYS_SEARCH_USER_PATHS = NO;
				CLANG_ANALYZER_NONNULL = YES;
				CLANG_CXX_LANGUAGE_STANDARD = "gnu++0x";
				CLANG_CXX_LIBRARY = "libc++";
				CLANG_ENABLE_MODULES = YES;
				CLANG_ENABLE_OBJC_ARC = YES;
				CLANG_WARN_BOOL_CONVERSION = YES;
				CLANG_WARN_CONSTANT_CONVERSION = YES;
				CLANG_WARN_DIRECT_OBJC_ISA_USAGE = YES_ERROR;
				CLANG_WARN_EMPTY_BODY = YES;
				CLANG_WARN_ENUM_CONVERSION = YES;
				CLANG_WARN_INT_CONVERSION = YES;
				CLANG_WARN_OBJC_ROOT_CLASS = YES_ERROR;
				CLANG_WARN_UNREACHABLE_CODE = YES;
				CLANG_WARN__DUPLICATE_METHOD_MATCH = YES;
				"CODE_SIGN_IDENTITY[sdk=iphoneos*]" = "iPhone Developer";
				COPY_PHASE_STRIP = NO;
				DEBUG_INFORMATION_FORMAT = "dwarf-with-dsym";
				ENABLE_NS_ASSERTIONS = NO;
				ENABLE_STRICT_OBJC_MSGSEND = YES;
				GCC_C_LANGUAGE_STANDARD = gnu99;
				GCC_NO_COMMON_BLOCKS = YES;
				GCC_WARN_64_TO_32_BIT_CONVERSION = YES;
				GCC_WARN_ABOUT_RETURN_TYPE = YES_ERROR;
				GCC_WARN_UNDECLARED_SELECTOR = YES;
				GCC_WARN_UNINITIALIZED_AUTOS = YES_AGGRESSIVE;
				GCC_WARN_UNUSED_FUNCTION = YES;
				GCC_WARN_UNUSED_VARIABLE = YES;
				IPHONEOS_DEPLOYMENT_TARGET = 9.3;
				MTL_ENABLE_DEBUG_INFO = NO;
				SDKROOT = iphoneos;
				TARGETED_DEVICE_FAMILY = "1,2";
				VALIDATE_PRODUCT = YES;
			};
			name = Release;
		};
		51FD28851CF94175007336B8 /* Debug */ = {
			isa = XCBuildConfiguration;
			baseConfigurationReference = 46BC999D098AC2EE31E51074 /* Pods-JLS-Tests-iOS-ObjC.debug.xcconfig */;
			buildSettings = {
				INFOPLIST_FILE = "JLS-Tests-iOS-ObjC/Info.plist";
				LD_RUNPATH_SEARCH_PATHS = "$(inherited) @executable_path/Frameworks @loader_path/Frameworks";
				PRODUCT_BUNDLE_IDENTIFIER = "stanera.JLS-Tests-iOS-ObjC";
				PRODUCT_NAME = "$(TARGET_NAME)";
			};
			name = Debug;
		};
		51FD28861CF94175007336B8 /* Release */ = {
			isa = XCBuildConfiguration;
			baseConfigurationReference = 10BC53DCBAAC0479CBBB2A87 /* Pods-JLS-Tests-iOS-ObjC.release.xcconfig */;
			buildSettings = {
				INFOPLIST_FILE = "JLS-Tests-iOS-ObjC/Info.plist";
				LD_RUNPATH_SEARCH_PATHS = "$(inherited) @executable_path/Frameworks @loader_path/Frameworks";
				PRODUCT_BUNDLE_IDENTIFIER = "stanera.JLS-Tests-iOS-ObjC";
				PRODUCT_NAME = "$(TARGET_NAME)";
			};
			name = Release;
		};
		51FD28971CFE1239007336B8 /* Debug */ = {
			isa = XCBuildConfiguration;
			baseConfigurationReference = 87F92CAF34FAA71F769D990B /* Pods-JLS-Tests-tvOS-ObjC.debug.xcconfig */;
			buildSettings = {
				INFOPLIST_FILE = "JLS-Tests-tvOS-ObjC/Info.plist";
				LD_RUNPATH_SEARCH_PATHS = "$(inherited) @executable_path/Frameworks @loader_path/Frameworks";
				PRODUCT_BUNDLE_IDENTIFIER = "stanera.JLS-Tests-tvOS-ObjC";
				PRODUCT_NAME = "$(TARGET_NAME)";
				SDKROOT = appletvos;
				TARGETED_DEVICE_FAMILY = 3;
				TVOS_DEPLOYMENT_TARGET = 9.0;
			};
			name = Debug;
		};
		51FD28981CFE1239007336B8 /* Release */ = {
			isa = XCBuildConfiguration;
			baseConfigurationReference = 5DB3F3CCB0CEEDC85E5BF475 /* Pods-JLS-Tests-tvOS-ObjC.release.xcconfig */;
			buildSettings = {
				INFOPLIST_FILE = "JLS-Tests-tvOS-ObjC/Info.plist";
				LD_RUNPATH_SEARCH_PATHS = "$(inherited) @executable_path/Frameworks @loader_path/Frameworks";
				PRODUCT_BUNDLE_IDENTIFIER = "stanera.JLS-Tests-tvOS-ObjC";
				PRODUCT_NAME = "$(TARGET_NAME)";
				SDKROOT = appletvos;
				TARGETED_DEVICE_FAMILY = 3;
				TVOS_DEPLOYMENT_TARGET = 9.0;
			};
			name = Release;
		};
		51FD28A41CFE1270007336B8 /* Debug */ = {
			isa = XCBuildConfiguration;
			baseConfigurationReference = CD772B9F1C6ABCE58172F117 /* Pods-JLS-Tests-OSX-ObjC.debug.xcconfig */;
			buildSettings = {
				CODE_SIGN_IDENTITY = "-";
				COMBINE_HIDPI_IMAGES = YES;
				INFOPLIST_FILE = "JLS-Tests-OSX-ObjC/Info.plist";
				LD_RUNPATH_SEARCH_PATHS = "$(inherited) @executable_path/../Frameworks @loader_path/../Frameworks";
				MACOSX_DEPLOYMENT_TARGET = 10.9;
				PRODUCT_BUNDLE_IDENTIFIER = "stanera.JLS-Tests-OSX-ObjC";
				PRODUCT_NAME = "$(TARGET_NAME)";
				SDKROOT = macosx;
				TARGETED_DEVICE_FAMILY = "1,2";
			};
			name = Debug;
		};
		51FD28A51CFE1270007336B8 /* Release */ = {
			isa = XCBuildConfiguration;
			baseConfigurationReference = E4B49FB7B6BA6A0DFC1F83E0 /* Pods-JLS-Tests-OSX-ObjC.release.xcconfig */;
			buildSettings = {
				CODE_SIGN_IDENTITY = "-";
				COMBINE_HIDPI_IMAGES = YES;
				INFOPLIST_FILE = "JLS-Tests-OSX-ObjC/Info.plist";
				LD_RUNPATH_SEARCH_PATHS = "$(inherited) @executable_path/../Frameworks @loader_path/../Frameworks";
				MACOSX_DEPLOYMENT_TARGET = 10.9;
				PRODUCT_BUNDLE_IDENTIFIER = "stanera.JLS-Tests-OSX-ObjC";
				PRODUCT_NAME = "$(TARGET_NAME)";
				SDKROOT = macosx;
				TARGETED_DEVICE_FAMILY = "1,2";
			};
			name = Release;
		};
/* End XCBuildConfiguration section */

/* Begin XCConfigurationList section */
		51FD285C1CF9414A007336B8 /* Build configuration list for PBXProject "Tests" */ = {
			isa = XCConfigurationList;
			buildConfigurations = (
				51FD28761CF9414A007336B8 /* Debug */,
				51FD28771CF9414A007336B8 /* Release */,
			);
			defaultConfigurationIsVisible = 0;
			defaultConfigurationName = Release;
		};
		51FD28841CF94175007336B8 /* Build configuration list for PBXNativeTarget "JLS-Tests-iOS-ObjC" */ = {
			isa = XCConfigurationList;
			buildConfigurations = (
				51FD28851CF94175007336B8 /* Debug */,
				51FD28861CF94175007336B8 /* Release */,
			);
			defaultConfigurationIsVisible = 0;
			defaultConfigurationName = Release;
		};
		51FD28991CFE1239007336B8 /* Build configuration list for PBXNativeTarget "JLS-Tests-tvOS-ObjC" */ = {
			isa = XCConfigurationList;
			buildConfigurations = (
				51FD28971CFE1239007336B8 /* Debug */,
				51FD28981CFE1239007336B8 /* Release */,
			);
			defaultConfigurationIsVisible = 0;
			defaultConfigurationName = Release;
		};
		51FD28A31CFE1270007336B8 /* Build configuration list for PBXNativeTarget "JLS-Tests-OSX-ObjC" */ = {
			isa = XCConfigurationList;
			buildConfigurations = (
				51FD28A41CFE1270007336B8 /* Debug */,
				51FD28A51CFE1270007336B8 /* Release */,
			);
			defaultConfigurationIsVisible = 0;
			defaultConfigurationName = Release;
		};
/* End XCConfigurationList section */
	};
	rootObject = 51FD28591CF9414A007336B8 /* Project object */;
}
